
Microsoft Visual Studio Solution File, Format Version 12.00
# Visual Studio Version 17
VisualStudioVersion = 17.9.34728.123
MinimumVisualStudioVersion = 10.0.40219.1
Project("{9A19103F-16F7-4668-BE54-9A1E7A4F7556}") = "PulumiProvisioner.Aws", "PulumiProvisioner.Aws\PulumiProvisioner.Aws.csproj", "{88E3C79B-EB3B-47AC-B4E1-791B53B645E0}"
EndProject
Project("{2150E333-8FDC-42A3-9474-1A3956D46DE8}") = "Solution Items", "Solution Items", "{D4F6E20A-27F9-43D6-A883-F697105D0AF2}"
	ProjectSection(SolutionItems) = preProject
		README.md = README.md
	EndProjectSection
EndProject
Project("{FAE04EC0-301F-11D3-BF4B-00C04F79EFBC}") = "PulumiProvisioner.Core", "PulumiProvisioner.Core\PulumiProvisioner.Core.csproj", "{CDAEF810-8012-4E70-990C-CBF83A8437A6}"
EndProject
Project("{FAE04EC0-301F-11D3-BF4B-00C04F79EFBC}") = "PulumiProvisioner.Azure", "PulumiProvisioner.Azure\PulumiProvisioner.Azure.csproj", "{3D384BA0-A134-4CF6-95E1-46728B12ECCA}"
EndProject
Global
	GlobalSection(SolutionConfigurationPlatforms) = preSolution
		Debug|Any CPU = Debug|Any CPU
		Release|Any CPU = Release|Any CPU
	EndGlobalSection
	GlobalSection(ProjectConfigurationPlatforms) = postSolution
		{88E3C79B-EB3B-47AC-B4E1-791B53B645E0}.Debug|Any CPU.ActiveCfg = Debug|Any CPU
		{88E3C79B-EB3B-47AC-B4E1-791B53B645E0}.Debug|Any CPU.Build.0 = Debug|Any CPU
		{88E3C79B-EB3B-47AC-B4E1-791B53B645E0}.Release|Any CPU.ActiveCfg = Release|Any CPU
		{88E3C79B-EB3B-47AC-B4E1-791B53B645E0}.Release|Any CPU.Build.0 = Release|Any CPU
		{CDAEF810-8012-4E70-990C-CBF83A8437A6}.Debug|Any CPU.ActiveCfg = Debug|Any CPU
		{CDAEF810-8012-4E70-990C-CBF83A8437A6}.Debug|Any CPU.Build.0 = Debug|Any CPU
		{CDAEF810-8012-4E70-990C-CBF83A8437A6}.Release|Any CPU.ActiveCfg = Release|Any CPU
		{CDAEF810-8012-4E70-990C-CBF83A8437A6}.Release|Any CPU.Build.0 = Release|Any CPU
		{3D384BA0-A134-4CF6-95E1-46728B12ECCA}.Debug|Any CPU.ActiveCfg = Debug|Any CPU
		{3D384BA0-A134-4CF6-95E1-46728B12ECCA}.Debug|Any CPU.Build.0 = Debug|Any CPU
		{3D384BA0-A134-4CF6-95E1-46728B12ECCA}.Release|Any CPU.ActiveCfg = Release|Any CPU
		{3D384BA0-A134-4CF6-95E1-46728B12ECCA}.Release|Any CPU.Build.0 = Release|Any CPU
	EndGlobalSection
	GlobalSection(SolutionProperties) = preSolution
		HideSolutionNode = FALSE
	EndGlobalSection
	GlobalSection(ExtensibilityGlobals) = postSolution
		SolutionGuid = {ED38893F-ECBA-4B16-9096-0949A4D91EDC}
	EndGlobalSection
EndGlobal
